
Microsoft Visual Studio Solution File, Format Version 12.00
# Visual Studio Version 16
VisualStudioVersion = 16.0.30611.23
MinimumVisualStudioVersion = 10.0.40219.1
Project("{8BC9CEB8-8B4A-11D0-8D11-00A0C91BC942}") = "Github1", "Github1\Github1.vcxproj", "{558DDD86-FD04-4338-B062-506EAA7053A1}"
EndProject
Global
	GlobalSection(SolutionConfigurationPlatforms) = preSolution
		Debug|x64 = Debug|x64
		Debug|x86 = Debug|x86
		Release|x64 = Release|x64
		Release|x86 = Release|x86
	EndGlobalSection
	GlobalSection(ProjectConfigurationPlatforms) = postSolution
		{558DDD86-FD04-4338-B062-506EAA7053A1}.Debug|x64.ActiveCfg = Debug|x64
		{558DDD86-FD04-4338-B062-506EAA7053A1}.Debug|x64.Build.0 = Debug|x64
		{558DDD86-FD04-4338-B062-506EAA7053A1}.Debug|x86.ActiveCfg = Debug|Win32
		{558DDD86-FD04-4338-B062-506EAA7053A1}.Debug|x86.Build.0 = Debug|Win32
		{558DDD86-FD04-4338-B062-506EAA7053A1}.Release|x64.ActiveCfg = Release|x64
		{558DDD86-FD04-4338-B062-506EAA7053A1}.Release|x64.Build.0 = Release|x64
		{558DDD86-FD04-4338-B062-506EAA7053A1}.Release|x86.ActiveCfg = Release|Win32
		{558DDD86-FD04-4338-B062-506EAA7053A1}.Release|x86.Build.0 = Release|Win32
	EndGlobalSection
	GlobalSection(SolutionProperties) = preSolution
		HideSolutionNode = FALSE
	EndGlobalSection
	GlobalSection(ExtensibilityGlobals) = postSolution
		SolutionGuid = {C9843272-1E1E-4504-B63F-6E34C3D01DE1}
	EndGlobalSection
EndGlobal
